
Microsoft Visual Studio Solution File, Format Version 12.00
# Visual Studio 15
VisualStudioVersion = 15.0.27004.2010
MinimumVisualStudioVersion = 10.0.40219.1
Project("{FAE04EC0-301F-11D3-BF4B-00C04F79EFBC}") = "WebApplication1", "WebApplication1\WebApplication1.csproj", "{0CC8CFE8-A175-489D-9BA7-952C64CDB1A6}"
EndProject
Global
	GlobalSection(SolutionConfigurationPlatforms) = preSolution
		Debug|Any CPU = Debug|Any CPU
		Release|Any CPU = Release|Any CPU
	EndGlobalSection
	GlobalSection(ProjectConfigurationPlatforms) = postSolution
		{0CC8CFE8-A175-489D-9BA7-952C64CDB1A6}.Debug|Any CPU.ActiveCfg = Debug|Any CPU
		{0CC8CFE8-A175-489D-9BA7-952C64CDB1A6}.Debug|Any CPU.Build.0 = Debug|Any CPU
		{0CC8CFE8-A175-489D-9BA7-952C64CDB1A6}.Release|Any CPU.ActiveCfg = Release|Any CPU
		{0CC8CFE8-A175-489D-9BA7-952C64CDB1A6}.Release|Any CPU.Build.0 = Release|Any CPU
	EndGlobalSection
	GlobalSection(SolutionProperties) = preSolution
		HideSolutionNode = FALSE
	EndGlobalSection
	GlobalSection(ExtensibilityGlobals) = postSolution
		SolutionGuid = {AD6BC048-6D22-4372-8DEB-5E1B9E5469F8}
	EndGlobalSection
EndGlobal
